
Microsoft Visual Studio Solution File, Format Version 12.00
# Visual Studio Version 16
VisualStudioVersion = 16.0.32228.343
MinimumVisualStudioVersion = 10.0.40219.1
Project("{FAE04EC0-301F-11D3-BF4B-00C04F79EFBC}") = "AFProbe", "AFProbe.csproj", "{F72B0EF2-36AD-4122-8DE7-4D00549BB5EE}"
EndProject
Global
	GlobalSection(SolutionConfigurationPlatforms) = preSolution
		Debug|Any CPU = Debug|Any CPU
		Release|Any CPU = Release|Any CPU
	EndGlobalSection
	GlobalSection(ProjectConfigurationPlatforms) = postSolution
		{F72B0EF2-36AD-4122-8DE7-4D00549BB5EE}.Debug|Any CPU.ActiveCfg = Debug|Any CPU
		{F72B0EF2-36AD-4122-8DE7-4D00549BB5EE}.Debug|Any CPU.Build.0 = Debug|Any CPU
		{F72B0EF2-36AD-4122-8DE7-4D00549BB5EE}.Release|Any CPU.ActiveCfg = Release|Any CPU
		{F72B0EF2-36AD-4122-8DE7-4D00549BB5EE}.Release|Any CPU.Build.0 = Release|Any CPU
	EndGlobalSection
	GlobalSection(SolutionProperties) = preSolution
		HideSolutionNode = FALSE
	EndGlobalSection
	GlobalSection(ExtensibilityGlobals) = postSolution
		SolutionGuid = {1CE151EE-DEA2-4A40-BF38-BEC97413C1AE}
	EndGlobalSection
EndGlobal
